
Microsoft Visual Studio Solution File, Format Version 12.00
# Visual Studio Version 17
VisualStudioVersion = 17.10.35013.160
MinimumVisualStudioVersion = 10.0.40219.1
Project("{FAE04EC0-301F-11D3-BF4B-00C04F79EFBC}") = "pruebaConexion", "pruebaConexion.csproj", "{812C2826-B29F-4EE2-B72E-BF84149ADF63}"
EndProject
Global
	GlobalSection(SolutionConfigurationPlatforms) = preSolution
		Debug|Any CPU = Debug|Any CPU
		Release|Any CPU = Release|Any CPU
	EndGlobalSection
	GlobalSection(ProjectConfigurationPlatforms) = postSolution
		{812C2826-B29F-4EE2-B72E-BF84149ADF63}.Debug|Any CPU.ActiveCfg = Debug|Any CPU
		{812C2826-B29F-4EE2-B72E-BF84149ADF63}.Debug|Any CPU.Build.0 = Debug|Any CPU
		{812C2826-B29F-4EE2-B72E-BF84149ADF63}.Release|Any CPU.ActiveCfg = Release|Any CPU
		{812C2826-B29F-4EE2-B72E-BF84149ADF63}.Release|Any CPU.Build.0 = Release|Any CPU
	EndGlobalSection
	GlobalSection(SolutionProperties) = preSolution
		HideSolutionNode = FALSE
	EndGlobalSection
	GlobalSection(ExtensibilityGlobals) = postSolution
		SolutionGuid = {DB726746-1C01-4446-A57C-B94EF672776F}
	EndGlobalSection
EndGlobal
